
Microsoft Visual Studio Solution File, Format Version 12.00
# Visual Studio Version 17
VisualStudioVersion = 17.9.34728.123
MinimumVisualStudioVersion = 10.0.40219.1
Project("{FAE04EC0-301F-11D3-BF4B-00C04F79EFBC}") = "BlazorApp1", "BlazorApp1.csproj", "{25BDCE96-468F-46DD-9C51-34E4330241BE}"
EndProject
Global
	GlobalSection(SolutionConfigurationPlatforms) = preSolution
		Debug|Any CPU = Debug|Any CPU
		Release|Any CPU = Release|Any CPU
	EndGlobalSection
	GlobalSection(ProjectConfigurationPlatforms) = postSolution
		{25BDCE96-468F-46DD-9C51-34E4330241BE}.Debug|Any CPU.ActiveCfg = Debug|Any CPU
		{25BDCE96-468F-46DD-9C51-34E4330241BE}.Debug|Any CPU.Build.0 = Debug|Any CPU
		{25BDCE96-468F-46DD-9C51-34E4330241BE}.Release|Any CPU.ActiveCfg = Release|Any CPU
		{25BDCE96-468F-46DD-9C51-34E4330241BE}.Release|Any CPU.Build.0 = Release|Any CPU
	EndGlobalSection
	GlobalSection(SolutionProperties) = preSolution
		HideSolutionNode = FALSE
	EndGlobalSection
	GlobalSection(ExtensibilityGlobals) = postSolution
		SolutionGuid = {6EACA62D-5278-4A9E-95A4-E689697D917E}
	EndGlobalSection
EndGlobal
